PODS:
  - Tor (408.11.2):
    - Tor/CTor (= 408.11.2)
  - Tor/Core (408.11.2)
  - Tor/CTor (408.11.2):
    - Tor/Core

DEPENDENCIES:
  - Tor

SPEC REPOS:
  trunk:
    - Tor

SPEC CHECKSUMS:
  Tor: c699393e1f48264cd293fa314bfbcdca5086574c

PODFILE CHECKSUM: a867e0fc340f3cc2e8dbd9be04500f7d123c3600

COCOAPODS: 1.15.2
